
Microsoft Visual Studio Solution File, Format Version 12.00
# Visual Studio Version 16
VisualStudioVersion = 16.0.29020.237
MinimumVisualStudioVersion = 10.0.40219.1
Project("{FAE04EC0-301F-11D3-BF4B-00C04F79EFBC}") = "aula06.fiap", "aula06.fiap\aula06.fiap.csproj", "{F044F4C7-A57A-407C-95B6-CA7026F944A6}"
EndProject
Global
	GlobalSection(SolutionConfigurationPlatforms) = preSolution
		Debug|Any CPU = Debug|Any CPU
		Release|Any CPU = Release|Any CPU
	EndGlobalSection
	GlobalSection(ProjectConfigurationPlatforms) = postSolution
		{F044F4C7-A57A-407C-95B6-CA7026F944A6}.Debug|Any CPU.ActiveCfg = Debug|Any CPU
		{F044F4C7-A57A-407C-95B6-CA7026F944A6}.Debug|Any CPU.Build.0 = Debug|Any CPU
		{F044F4C7-A57A-407C-95B6-CA7026F944A6}.Release|Any CPU.ActiveCfg = Release|Any CPU
		{F044F4C7-A57A-407C-95B6-CA7026F944A6}.Release|Any CPU.Build.0 = Release|Any CPU
	EndGlobalSection
	GlobalSection(SolutionProperties) = preSolution
		HideSolutionNode = FALSE
	EndGlobalSection
	GlobalSection(ExtensibilityGlobals) = postSolution
		SolutionGuid = {77B094C0-4650-46E4-8A91-22BC6829D159}
	EndGlobalSection
EndGlobal
